
Microsoft Visual Studio Solution File, Format Version 12.00
# Visual Studio Version 17
VisualStudioVersion = 17.11.35327.3
MinimumVisualStudioVersion = 10.0.40219.1
Project("{9A19103F-16F7-4668-BE54-9A1E7A4F7556}") = "GorillaTagModTemplateProject", "GorillaTagModTemplateProject.csproj", "{3D15A5F7-B7FA-4DBD-9CE6-A8C616645553}"
EndProject
Global
	GlobalSection(SolutionConfigurationPlatforms) = preSolution
		Debug|Any CPU = Debug|Any CPU
		Release|Any CPU = Release|Any CPU
	EndGlobalSection
	GlobalSection(ProjectConfigurationPlatforms) = postSolution
		{3D15A5F7-B7FA-4DBD-9CE6-A8C616645553}.Debug|Any CPU.ActiveCfg = Debug|Any CPU
		{3D15A5F7-B7FA-4DBD-9CE6-A8C616645553}.Debug|Any CPU.Build.0 = Debug|Any CPU
		{3D15A5F7-B7FA-4DBD-9CE6-A8C616645553}.Release|Any CPU.ActiveCfg = Release|Any CPU
		{3D15A5F7-B7FA-4DBD-9CE6-A8C616645553}.Release|Any CPU.Build.0 = Release|Any CPU
	EndGlobalSection
	GlobalSection(SolutionProperties) = preSolution
		HideSolutionNode = FALSE
	EndGlobalSection
	GlobalSection(ExtensibilityGlobals) = postSolution
		SolutionGuid = {5306C9E2-3552-4D66-8AE2-E6B29BC7FA6C}
	EndGlobalSection
EndGlobal
